
Microsoft Visual Studio Solution File, Format Version 12.00
# Visual Studio Version 17
VisualStudioVersion = 17.5.33414.496
MinimumVisualStudioVersion = 10.0.40219.1
Project("{FAE04EC0-301F-11D3-BF4B-00C04F79EFBC}") = "Presentacion", "Presentacion\Presentacion.csproj", "{3DD79EA6-BF0A-40B9-9C91-08437E8E1A5C}"
EndProject
Project("{FAE04EC0-301F-11D3-BF4B-00C04F79EFBC}") = "Conexion", "Conexion\Conexion.csproj", "{CC68C440-125F-402D-881B-0EB79D00671D}"
EndProject
Project("{FAE04EC0-301F-11D3-BF4B-00C04F79EFBC}") = "Negocio", "Negocio\Negocio.csproj", "{C6C03151-27AF-4423-9C32-B6DD4DFC0512}"
EndProject
Project("{FAE04EC0-301F-11D3-BF4B-00C04F79EFBC}") = "Entidades", "Entidades\Entidades.csproj", "{4121E9C6-0163-468A-B962-BA1362C6AEA5}"
EndProject
Global
	GlobalSection(SolutionConfigurationPlatforms) = preSolution
		Debug|Any CPU = Debug|Any CPU
		Release|Any CPU = Release|Any CPU
	EndGlobalSection
	GlobalSection(ProjectConfigurationPlatforms) = postSolution
		{3DD79EA6-BF0A-40B9-9C91-08437E8E1A5C}.Debug|Any CPU.ActiveCfg = Debug|Any CPU
		{3DD79EA6-BF0A-40B9-9C91-08437E8E1A5C}.Debug|Any CPU.Build.0 = Debug|Any CPU
		{3DD79EA6-BF0A-40B9-9C91-08437E8E1A5C}.Release|Any CPU.ActiveCfg = Release|Any CPU
		{3DD79EA6-BF0A-40B9-9C91-08437E8E1A5C}.Release|Any CPU.Build.0 = Release|Any CPU
		{CC68C440-125F-402D-881B-0EB79D00671D}.Debug|Any CPU.ActiveCfg = Debug|Any CPU
		{CC68C440-125F-402D-881B-0EB79D00671D}.Debug|Any CPU.Build.0 = Debug|Any CPU
		{CC68C440-125F-402D-881B-0EB79D00671D}.Release|Any CPU.ActiveCfg = Release|Any CPU
		{CC68C440-125F-402D-881B-0EB79D00671D}.Release|Any CPU.Build.0 = Release|Any CPU
		{C6C03151-27AF-4423-9C32-B6DD4DFC0512}.Debug|Any CPU.ActiveCfg = Debug|Any CPU
		{C6C03151-27AF-4423-9C32-B6DD4DFC0512}.Debug|Any CPU.Build.0 = Debug|Any CPU
		{C6C03151-27AF-4423-9C32-B6DD4DFC0512}.Release|Any CPU.ActiveCfg = Release|Any CPU
		{C6C03151-27AF-4423-9C32-B6DD4DFC0512}.Release|Any CPU.Build.0 = Release|Any CPU
		{4121E9C6-0163-468A-B962-BA1362C6AEA5}.Debug|Any CPU.ActiveCfg = Debug|Any CPU
		{4121E9C6-0163-468A-B962-BA1362C6AEA5}.Debug|Any CPU.Build.0 = Debug|Any CPU
		{4121E9C6-0163-468A-B962-BA1362C6AEA5}.Release|Any CPU.ActiveCfg = Release|Any CPU
		{4121E9C6-0163-468A-B962-BA1362C6AEA5}.Release|Any CPU.Build.0 = Release|Any CPU
	EndGlobalSection
	GlobalSection(SolutionProperties) = preSolution
		HideSolutionNode = FALSE
	EndGlobalSection
	GlobalSection(ExtensibilityGlobals) = postSolution
		SolutionGuid = {2A5D0A3F-E581-474B-A5FC-196B4D4AB3AE}
	EndGlobalSection
EndGlobal
